
Microsoft Visual Studio Solution File, Format Version 12.00
# Visual Studio 14
VisualStudioVersion = 14.0.25420.1
MinimumVisualStudioVersion = 10.0.40219.1
Project("{FAE04EC0-301F-11D3-BF4B-00C04F79EFBC}") = "ParkingLot", "ParkingLot\ParkingLot.csproj", "{9FCE1D79-FBD9-469A-82BF-85F7421FAD21}"
EndProject
Project("{FAE04EC0-301F-11D3-BF4B-00C04F79EFBC}") = "num", "num\num.csproj", "{F6B8FADC-85CB-427D-BE50-A234605F9890}"
EndProject
Global
	GlobalSection(SolutionConfigurationPlatforms) = preSolution
		Debug|Any CPU = Debug|Any CPU
		Release|Any CPU = Release|Any CPU
	EndGlobalSection
	GlobalSection(ProjectConfigurationPlatforms) = postSolution
		{9FCE1D79-FBD9-469A-82BF-85F7421FAD21}.Debug|Any CPU.ActiveCfg = Debug|Any CPU
		{9FCE1D79-FBD9-469A-82BF-85F7421FAD21}.Debug|Any CPU.Build.0 = Debug|Any CPU
		{9FCE1D79-FBD9-469A-82BF-85F7421FAD21}.Release|Any CPU.ActiveCfg = Release|Any CPU
		{9FCE1D79-FBD9-469A-82BF-85F7421FAD21}.Release|Any CPU.Build.0 = Release|Any CPU
		{F6B8FADC-85CB-427D-BE50-A234605F9890}.Debug|Any CPU.ActiveCfg = Debug|Any CPU
		{F6B8FADC-85CB-427D-BE50-A234605F9890}.Debug|Any CPU.Build.0 = Debug|Any CPU
		{F6B8FADC-85CB-427D-BE50-A234605F9890}.Release|Any CPU.ActiveCfg = Release|Any CPU
		{F6B8FADC-85CB-427D-BE50-A234605F9890}.Release|Any CPU.Build.0 = Release|Any CPU
	EndGlobalSection
	GlobalSection(SolutionProperties) = preSolution
		HideSolutionNode = FALSE
	EndGlobalSection
EndGlobal
