
Microsoft Visual Studio Solution File, Format Version 12.00
# Visual Studio 14
VisualStudioVersion = 14.0.25420.1
MinimumVisualStudioVersion = 10.0.40219.1
Project("{FAE04EC0-301F-11D3-BF4B-00C04F79EFBC}") = "KetNoiCSDL", "KetNoiCSDL\KetNoiCSDL.csproj", "{0AD2EB71-D384-4048-9208-24975DACC2C7}"
EndProject
Project("{FAE04EC0-301F-11D3-BF4B-00C04F79EFBC}") = "DangNhapCSDL", "DangNhapCSDL\DangNhapCSDL.csproj", "{7764F54F-0B8E-44C9-A941-99362C7653B9}"
EndProject
Project("{FAE04EC0-301F-11D3-BF4B-00C04F79EFBC}") = "CSDL_OnTap", "CSDL_OnTap\CSDL_OnTap.csproj", "{67FF783B-FDAA-4210-85AA-7E5B936F2AF9}"
EndProject
Global
	GlobalSection(SolutionConfigurationPlatforms) = preSolution
		Debug|Any CPU = Debug|Any CPU
		Release|Any CPU = Release|Any CPU
	EndGlobalSection
	GlobalSection(ProjectConfigurationPlatforms) = postSolution
		{0AD2EB71-D384-4048-9208-24975DACC2C7}.Debug|Any CPU.ActiveCfg = Debug|Any CPU
		{0AD2EB71-D384-4048-9208-24975DACC2C7}.Debug|Any CPU.Build.0 = Debug|Any CPU
		{0AD2EB71-D384-4048-9208-24975DACC2C7}.Release|Any CPU.ActiveCfg = Release|Any CPU
		{0AD2EB71-D384-4048-9208-24975DACC2C7}.Release|Any CPU.Build.0 = Release|Any CPU
		{7764F54F-0B8E-44C9-A941-99362C7653B9}.Debug|Any CPU.ActiveCfg = Debug|Any CPU
		{7764F54F-0B8E-44C9-A941-99362C7653B9}.Debug|Any CPU.Build.0 = Debug|Any CPU
		{7764F54F-0B8E-44C9-A941-99362C7653B9}.Release|Any CPU.ActiveCfg = Release|Any CPU
		{7764F54F-0B8E-44C9-A941-99362C7653B9}.Release|Any CPU.Build.0 = Release|Any CPU
		{67FF783B-FDAA-4210-85AA-7E5B936F2AF9}.Debug|Any CPU.ActiveCfg = Debug|Any CPU
		{67FF783B-FDAA-4210-85AA-7E5B936F2AF9}.Debug|Any CPU.Build.0 = Debug|Any CPU
		{67FF783B-FDAA-4210-85AA-7E5B936F2AF9}.Release|Any CPU.ActiveCfg = Release|Any CPU
		{67FF783B-FDAA-4210-85AA-7E5B936F2AF9}.Release|Any CPU.Build.0 = Release|Any CPU
	EndGlobalSection
	GlobalSection(SolutionProperties) = preSolution
		HideSolutionNode = FALSE
	EndGlobalSection
EndGlobal
