
Microsoft Visual Studio Solution File, Format Version 12.00
# Visual Studio Version 16
VisualStudioVersion = 16.0.29728.190
MinimumVisualStudioVersion = 10.0.40219.1
Project("{FAE04EC0-301F-11D3-BF4B-00C04F79EFBC}") = "QLThuVien", "QLThuVien\QLThuVien.csproj", "{68C8569B-16B5-4340-8F4B-1FC780BEDC62}"
EndProject
Global
	GlobalSection(SolutionConfigurationPlatforms) = preSolution
		Debug|Any CPU = Debug|Any CPU
		Release|Any CPU = Release|Any CPU
	EndGlobalSection
	GlobalSection(ProjectConfigurationPlatforms) = postSolution
		{68C8569B-16B5-4340-8F4B-1FC780BEDC62}.Debug|Any CPU.ActiveCfg = Debug|Any CPU
		{68C8569B-16B5-4340-8F4B-1FC780BEDC62}.Debug|Any CPU.Build.0 = Debug|Any CPU
		{68C8569B-16B5-4340-8F4B-1FC780BEDC62}.Release|Any CPU.ActiveCfg = Release|Any CPU
		{68C8569B-16B5-4340-8F4B-1FC780BEDC62}.Release|Any CPU.Build.0 = Release|Any CPU
	EndGlobalSection
	GlobalSection(SolutionProperties) = preSolution
		HideSolutionNode = FALSE
	EndGlobalSection
	GlobalSection(ExtensibilityGlobals) = postSolution
		SolutionGuid = {348359CB-09C5-47D0-AE55-CFD11262FB55}
	EndGlobalSection
EndGlobal
