
Microsoft Visual Studio Solution File, Format Version 12.00
# Visual Studio 14
VisualStudioVersion = 14.0.25420.1
MinimumVisualStudioVersion = 10.0.40219.1
Project("{FAE04EC0-301F-11D3-BF4B-00C04F79EFBC}") = "ViDuGeneric", "ViDuGeneric\ViDuGeneric.csproj", "{4A2A97C6-9899-48CE-96C2-1E23BE8198B8}"
EndProject
Project("{FAE04EC0-301F-11D3-BF4B-00C04F79EFBC}") = "ViDuRegex", "ViDuRegex\ViDuRegex.csproj", "{A5C05DD1-32B0-4B54-85DB-C8326DA04018}"
EndProject
Project("{FAE04EC0-301F-11D3-BF4B-00C04F79EFBC}") = "ViDuDelegate", "ViDuDelegate\ViDuDelegate.csproj", "{A8EAFA42-62DB-4F58-B6B3-D0422B94FC01}"
EndProject
Project("{FAE04EC0-301F-11D3-BF4B-00C04F79EFBC}") = "DelegateVaFile", "DelegateVaFile\DelegateVaFile.csproj", "{A2B912E8-BEDA-4D7B-8B35-6B87CF425122}"
EndProject
Project("{FAE04EC0-301F-11D3-BF4B-00C04F79EFBC}") = "ViDuDelegate2", "ViDuDelegate2\ViDuDelegate2.csproj", "{DECC6682-446F-4EFE-87F9-56F5B103F495}"
EndProject
Global
	GlobalSection(SolutionConfigurationPlatforms) = preSolution
		Debug|Any CPU = Debug|Any CPU
		Release|Any CPU = Release|Any CPU
	EndGlobalSection
	GlobalSection(ProjectConfigurationPlatforms) = postSolution
		{4A2A97C6-9899-48CE-96C2-1E23BE8198B8}.Debug|Any CPU.ActiveCfg = Debug|Any CPU
		{4A2A97C6-9899-48CE-96C2-1E23BE8198B8}.Debug|Any CPU.Build.0 = Debug|Any CPU
		{4A2A97C6-9899-48CE-96C2-1E23BE8198B8}.Release|Any CPU.ActiveCfg = Release|Any CPU
		{4A2A97C6-9899-48CE-96C2-1E23BE8198B8}.Release|Any CPU.Build.0 = Release|Any CPU
		{A5C05DD1-32B0-4B54-85DB-C8326DA04018}.Debug|Any CPU.ActiveCfg = Debug|Any CPU
		{A5C05DD1-32B0-4B54-85DB-C8326DA04018}.Debug|Any CPU.Build.0 = Debug|Any CPU
		{A5C05DD1-32B0-4B54-85DB-C8326DA04018}.Release|Any CPU.ActiveCfg = Release|Any CPU
		{A5C05DD1-32B0-4B54-85DB-C8326DA04018}.Release|Any CPU.Build.0 = Release|Any CPU
		{A8EAFA42-62DB-4F58-B6B3-D0422B94FC01}.Debug|Any CPU.ActiveCfg = Debug|Any CPU
		{A8EAFA42-62DB-4F58-B6B3-D0422B94FC01}.Debug|Any CPU.Build.0 = Debug|Any CPU
		{A8EAFA42-62DB-4F58-B6B3-D0422B94FC01}.Release|Any CPU.ActiveCfg = Release|Any CPU
		{A8EAFA42-62DB-4F58-B6B3-D0422B94FC01}.Release|Any CPU.Build.0 = Release|Any CPU
		{A2B912E8-BEDA-4D7B-8B35-6B87CF425122}.Debug|Any CPU.ActiveCfg = Debug|Any CPU
		{A2B912E8-BEDA-4D7B-8B35-6B87CF425122}.Debug|Any CPU.Build.0 = Debug|Any CPU
		{A2B912E8-BEDA-4D7B-8B35-6B87CF425122}.Release|Any CPU.ActiveCfg = Release|Any CPU
		{A2B912E8-BEDA-4D7B-8B35-6B87CF425122}.Release|Any CPU.Build.0 = Release|Any CPU
		{DECC6682-446F-4EFE-87F9-56F5B103F495}.Debug|Any CPU.ActiveCfg = Debug|Any CPU
		{DECC6682-446F-4EFE-87F9-56F5B103F495}.Debug|Any CPU.Build.0 = Debug|Any CPU
		{DECC6682-446F-4EFE-87F9-56F5B103F495}.Release|Any CPU.ActiveCfg = Release|Any CPU
		{DECC6682-446F-4EFE-87F9-56F5B103F495}.Release|Any CPU.Build.0 = Release|Any CPU
	EndGlobalSection
	GlobalSection(SolutionProperties) = preSolution
		HideSolutionNode = FALSE
	EndGlobalSection
EndGlobal
